
Microsoft Visual Studio Solution File, Format Version 12.00
# Visual Studio Version 16
VisualStudioVersion = 16.0.31624.102
MinimumVisualStudioVersion = 10.0.40219.1
Project("{9A19103F-16F7-4668-BE54-9A1E7A4F7556}") = "Methoden1", "Methoden1\Methoden1.csproj", "{D2C44E81-74BE-4E6C-9FAC-D8D550971D4F}"
EndProject
Project("{FAE04EC0-301F-11D3-BF4B-00C04F79EFBC}") = "Methoden", "Methoden\Methoden.csproj", "{5D866920-C6FC-43B9-917C-927330D0EB61}"
EndProject
Global
	GlobalSection(SolutionConfigurationPlatforms) = preSolution
		Debug|Any CPU = Debug|Any CPU
		Release|Any CPU = Release|Any CPU
	EndGlobalSection
	GlobalSection(ProjectConfigurationPlatforms) = postSolution
		{D2C44E81-74BE-4E6C-9FAC-D8D550971D4F}.Debug|Any CPU.ActiveCfg = Debug|Any CPU
		{D2C44E81-74BE-4E6C-9FAC-D8D550971D4F}.Debug|Any CPU.Build.0 = Debug|Any CPU
		{D2C44E81-74BE-4E6C-9FAC-D8D550971D4F}.Release|Any CPU.ActiveCfg = Release|Any CPU
		{D2C44E81-74BE-4E6C-9FAC-D8D550971D4F}.Release|Any CPU.Build.0 = Release|Any CPU
		{5D866920-C6FC-43B9-917C-927330D0EB61}.Debug|Any CPU.ActiveCfg = Debug|Any CPU
		{5D866920-C6FC-43B9-917C-927330D0EB61}.Debug|Any CPU.Build.0 = Debug|Any CPU
		{5D866920-C6FC-43B9-917C-927330D0EB61}.Release|Any CPU.ActiveCfg = Release|Any CPU
		{5D866920-C6FC-43B9-917C-927330D0EB61}.Release|Any CPU.Build.0 = Release|Any CPU
	EndGlobalSection
	GlobalSection(SolutionProperties) = preSolution
		HideSolutionNode = FALSE
	EndGlobalSection
	GlobalSection(ExtensibilityGlobals) = postSolution
		SolutionGuid = {4A8A465A-49A1-4A17-BC37-81B4A7B3BD14}
	EndGlobalSection
EndGlobal
